
Microsoft Visual Studio Solution File, Format Version 12.00
# Visual Studio Version 17
VisualStudioVersion = 17.8.34330.188
MinimumVisualStudioVersion = 10.0.40219.1
Project("{9A19103F-16F7-4668-BE54-9A1E7A4F7556}") = "EntityFrameworkCore.Domain", "EntityFrameworkCore.Domain\EntityFrameworkCore.Domain.csproj", "{F0AC60BA-743C-4A60-8901-F833587998BB}"
EndProject
Project("{9A19103F-16F7-4668-BE54-9A1E7A4F7556}") = "EntityFrameworkCore.Data", "EntityFrameworkCore.Data\EntityFrameworkCore.Data.csproj", "{F883BA60-506D-4352-9960-BB2BE6AD442F}"
EndProject
Project("{9A19103F-16F7-4668-BE54-9A1E7A4F7556}") = "EntityFrameworkCore.Console", "EntityFrameworkCore.Console\EntityFrameworkCore.Console.csproj", "{F1760FDE-C7CF-452D-A81B-DB30133E053F}"
	ProjectSection(ProjectDependencies) = postProject
		{F883BA60-506D-4352-9960-BB2BE6AD442F} = {F883BA60-506D-4352-9960-BB2BE6AD442F}
	EndProjectSection
EndProject
Project("{2150E333-8FDC-42A3-9474-1A3956D46DE8}") = "Elementi di soluzione", "Elementi di soluzione", "{C76C573F-D268-43E4-B6A5-010D1F53059F}"
	ProjectSection(SolutionItems) = preProject
		Commands.txt = Commands.txt
	EndProjectSection
EndProject
Global
	GlobalSection(SolutionConfigurationPlatforms) = preSolution
		Debug|Any CPU = Debug|Any CPU
		Release|Any CPU = Release|Any CPU
	EndGlobalSection
	GlobalSection(ProjectConfigurationPlatforms) = postSolution
		{F0AC60BA-743C-4A60-8901-F833587998BB}.Debug|Any CPU.ActiveCfg = Debug|Any CPU
		{F0AC60BA-743C-4A60-8901-F833587998BB}.Debug|Any CPU.Build.0 = Debug|Any CPU
		{F0AC60BA-743C-4A60-8901-F833587998BB}.Release|Any CPU.ActiveCfg = Release|Any CPU
		{F0AC60BA-743C-4A60-8901-F833587998BB}.Release|Any CPU.Build.0 = Release|Any CPU
		{F883BA60-506D-4352-9960-BB2BE6AD442F}.Debug|Any CPU.ActiveCfg = Debug|Any CPU
		{F883BA60-506D-4352-9960-BB2BE6AD442F}.Debug|Any CPU.Build.0 = Debug|Any CPU
		{F883BA60-506D-4352-9960-BB2BE6AD442F}.Release|Any CPU.ActiveCfg = Release|Any CPU
		{F883BA60-506D-4352-9960-BB2BE6AD442F}.Release|Any CPU.Build.0 = Release|Any CPU
		{F1760FDE-C7CF-452D-A81B-DB30133E053F}.Debug|Any CPU.ActiveCfg = Debug|Any CPU
		{F1760FDE-C7CF-452D-A81B-DB30133E053F}.Debug|Any CPU.Build.0 = Debug|Any CPU
		{F1760FDE-C7CF-452D-A81B-DB30133E053F}.Release|Any CPU.ActiveCfg = Release|Any CPU
		{F1760FDE-C7CF-452D-A81B-DB30133E053F}.Release|Any CPU.Build.0 = Release|Any CPU
	EndGlobalSection
	GlobalSection(SolutionProperties) = preSolution
		HideSolutionNode = FALSE
	EndGlobalSection
	GlobalSection(ExtensibilityGlobals) = postSolution
		SolutionGuid = {87FB78F5-1A09-4098-BD0E-559C4EB110C4}
	EndGlobalSection
EndGlobal
